
Microsoft Visual Studio Solution File, Format Version 12.00
# Visual Studio Version 16
VisualStudioVersion = 16.0.30517.126
MinimumVisualStudioVersion = 10.0.40219.1
Project("{FAE04EC0-301F-11D3-BF4B-00C04F79EFBC}") = "Canonical", "Canonical.csproj", "{A2E6B518-119B-40CE-B1D8-3AF6F935555B}"
EndProject
Global
	GlobalSection(SolutionConfigurationPlatforms) = preSolution
		Debug|Any CPU = Debug|Any CPU
		Release|Any CPU = Release|Any CPU
	EndGlobalSection
	GlobalSection(ProjectConfigurationPlatforms) = postSolution
		{A2E6B518-119B-40CE-B1D8-3AF6F935555B}.Debug|Any CPU.ActiveCfg = Debug|Any CPU
		{A2E6B518-119B-40CE-B1D8-3AF6F935555B}.Debug|Any CPU.Build.0 = Debug|Any CPU
		{A2E6B518-119B-40CE-B1D8-3AF6F935555B}.Release|Any CPU.ActiveCfg = Release|Any CPU
		{A2E6B518-119B-40CE-B1D8-3AF6F935555B}.Release|Any CPU.Build.0 = Release|Any CPU
	EndGlobalSection
	GlobalSection(SolutionProperties) = preSolution
		HideSolutionNode = FALSE
	EndGlobalSection
	GlobalSection(ExtensibilityGlobals) = postSolution
		SolutionGuid = {F7CED0FC-C028-4221-99A1-EA5C3C3A2588}
	EndGlobalSection
EndGlobal
